// !$*UTF8*$!
{
	archiveVersion = 1;
	classes = {
	};
	objectVersion = 51;
	objects = {

/* Begin PBXBuildFile section */
		8809382E2387CD93006F91D1 /* AppDelegate.swift in Sources */ = {isa = PBXBuildFile; fileRef = 8809382D2387CD93006F91D1 /* AppDelegate.swift */; };
		880938302387CD93006F91D1 /* SceneDelegate.swift in Sources */ = {isa = PBXBuildFile; fileRef = 8809382F2387CD93006F91D1 /* SceneDelegate.swift */; };
		880938322387CD93006F91D1 /* ViewController.swift in Sources */ = {isa = PBXBuildFile; fileRef = 880938312387CD93006F91D1 /* ViewController.swift */; };
		880938372387CD96006F91D1 /* Assets.xcassets in Resources */ = {isa = PBXBuildFile; fileRef = 880938362387CD96006F91D1 /* Assets.xcassets */; };
		8809383A2387CD96006F91D1 /* LaunchScreen.storyboard in Resources */ = {isa = PBXBuildFile; fileRef = 880938382387CD96006F91D1 /* LaunchScreen.storyboard */; };
		8815731D2389C84300871835 /* FooterView.swift in Sources */ = {isa = PBXBuildFile; fileRef = 8815731C2389C84300871835 /* FooterView.swift */; };
		881573202389D76200871835 /* TrackDetailView.xib in Resources */ = {isa = PBXBuildFile; fileRef = 8815731F2389D76200871835 /* TrackDetailView.xib */; };
		881573222389D78100871835 /* TrackDetailView.swift in Sources */ = {isa = PBXBuildFile; fileRef = 881573212389D78100871835 /* TrackDetailView.swift */; };
		88157362238C3B1200871835 /* CMTime + Extension.swift in Sources */ = {isa = PBXBuildFile; fileRef = 88157361238C3B1200871835 /* CMTime + Extension.swift */; };
		88157364238D3FD200871835 /* Nib.swift in Sources */ = {isa = PBXBuildFile; fileRef = 88157363238D3FD200871835 /* Nib.swift */; };
		885C445D2388785200856CBB /* SearchPresenter.swift in Sources */ = {isa = PBXBuildFile; fileRef = 885C44562388785200856CBB /* SearchPresenter.swift */; };
		885C445E2388785200856CBB /* SearchWorker.swift in Sources */ = {isa = PBXBuildFile; fileRef = 885C44572388785200856CBB /* SearchWorker.swift */; };
		885C445F2388785200856CBB /* SearchRouter.swift in Sources */ = {isa = PBXBuildFile; fileRef = 885C44582388785200856CBB /* SearchRouter.swift */; };
		885C44602388785200856CBB /* SearchModels.swift in Sources */ = {isa = PBXBuildFile; fileRef = 885C44592388785200856CBB /* SearchModels.swift */; };
		885C44612388785200856CBB /* SearchViewController.swift in Sources */ = {isa = PBXBuildFile; fileRef = 885C445A2388785200856CBB /* SearchViewController.swift */; };
		885C44622388785200856CBB /* SearchInteractor.swift in Sources */ = {isa = PBXBuildFile; fileRef = 885C445B2388785200856CBB /* SearchInteractor.swift */; };
		885C446523889F9D00856CBB /* SearchViewController.storyboard in Resources */ = {isa = PBXBuildFile; fileRef = 885C446423889F9D00856CBB /* SearchViewController.storyboard */; };
		885C44672388A45A00856CBB /* UIViewController + Storyboard.swift in Sources */ = {isa = PBXBuildFile; fileRef = 885C44662388A45A00856CBB /* UIViewController + Storyboard.swift */; };
		885C446B23893E1500856CBB /* TrackCell.xib in Resources */ = {isa = PBXBuildFile; fileRef = 885C446A23893E1500856CBB /* TrackCell.xib */; };
		885C446D23893E4700856CBB /* TrackCell.swift in Sources */ = {isa = PBXBuildFile; fileRef = 885C446C23893E4700856CBB /* TrackCell.swift */; };
		886CE8E4238843A00095BA47 /* SearchResponse.swift in Sources */ = {isa = PBXBuildFile; fileRef = 886CE8E3238843A00095BA47 /* SearchResponse.swift */; };
		886CE8E623886B140095BA47 /* NetworkService.swift in Sources */ = {isa = PBXBuildFile; fileRef = 886CE8E523886B140095BA47 /* NetworkService.swift */; };
		888F68772387CF10004D21A1 /* MainTabBarController.swift in Sources */ = {isa = PBXBuildFile; fileRef = 888F68762387CF10004D21A1 /* MainTabBarController.swift */; };
		888F68792387D288004D21A1 /* SearchMusicViewController.swift in Sources */ = {isa = PBXBuildFile; fileRef = 888F68782387D288004D21A1 /* SearchMusicViewController.swift */; };
		888F687B2387FE6F004D21A1 /* Main.storyboard in Resources */ = {isa = PBXBuildFile; fileRef = 888F687A2387FE6F004D21A1 /* Main.storyboard */; };
		EA34536A494F7DB04CA110C6 /* Pods_iMusic.framework in Frameworks */ = {isa = PBXBuildFile; fileRef = 8B7896C3465D658C11535B27 /* Pods_iMusic.framework */; };
/* End PBXBuildFile section */

/* Begin PBXFileReference section */
		770E25486130F3FB03295818 /* Pods-iMusic.release.xcconfig */ = {isa = PBXFileReference; includeInIndex = 1; lastKnownFileType = text.xcconfig; name = "Pods-iMusic.release.xcconfig"; path = "Target Support Files/Pods-iMusic/Pods-iMusic.release.xcconfig"; sourceTree = "<group>"; };
		8809382A2387CD93006F91D1 /* iMusic.app */ = {isa = PBXFileReference; explicitFileType = wrapper.application; includeInIndex = 0; path = iMusic.app; sourceTree = BUILT_PRODUCTS_DIR; };
		8809382D2387CD93006F91D1 /* AppDelegate.swift */ = {isa = PBXFileReference; lastKnownFileType = sourcecode.swift; path = AppDelegate.swift; sourceTree = "<group>"; };
		8809382F2387CD93006F91D1 /* SceneDelegate.swift */ = {isa = PBXFileReference; lastKnownFileType = sourcecode.swift; path = SceneDelegate.swift; sourceTree = "<group>"; };
		880938312387CD93006F91D1 /* ViewController.swift */ = {isa = PBXFileReference; lastKnownFileType = sourcecode.swift; path = ViewController.swift; sourceTree = "<group>"; };
		880938362387CD96006F91D1 /* Assets.xcassets */ = {isa = PBXFileReference; lastKnownFileType = folder.assetcatalog; path = Assets.xcassets; sourceTree = "<group>"; };
		880938392387CD96006F91D1 /* Base */ = {isa = PBXFileReference; lastKnownFileType = file.storyboard; name = Base; path = Base.lproj/LaunchScreen.storyboard; sourceTree = "<group>"; };
		8809383B2387CD96006F91D1 /* Info.plist */ = {isa = PBXFileReference; lastKnownFileType = text.plist.xml; path = Info.plist; sourceTree = "<group>"; };
		8815731C2389C84300871835 /* FooterView.swift */ = {isa = PBXFileReference; lastKnownFileType = sourcecode.swift; path = FooterView.swift; sourceTree = "<group>"; };
		8815731F2389D76200871835 /* TrackDetailView.xib */ = {isa = PBXFileReference; lastKnownFileType = file.xib; path = TrackDetailView.xib; sourceTree = "<group>"; };
		881573212389D78100871835 /* TrackDetailView.swift */ = {isa = PBXFileReference; lastKnownFileType = sourcecode.swift; path = TrackDetailView.swift; sourceTree = "<group>"; };
		88157361238C3B1200871835 /* CMTime + Extension.swift */ = {isa = PBXFileReference; lastKnownFileType = sourcecode.swift; path = "CMTime + Extension.swift"; sourceTree = "<group>"; };
		88157363238D3FD200871835 /* Nib.swift */ = {isa = PBXFileReference; lastKnownFileType = sourcecode.swift; path = Nib.swift; sourceTree = "<group>"; };
		885C44562388785200856CBB /* SearchPresenter.swift */ = {isa = PBXFileReference; lastKnownFileType = sourcecode.swift; path = SearchPresenter.swift; sourceTree = "<group>"; };
		885C44572388785200856CBB /* SearchWorker.swift */ = {isa = PBXFileReference; lastKnownFileType = sourcecode.swift; path = SearchWorker.swift; sourceTree = "<group>"; };
		885C44582388785200856CBB /* SearchRouter.swift */ = {isa = PBXFileReference; lastKnownFileType = sourcecode.swift; path = SearchRouter.swift; sourceTree = "<group>"; };
		885C44592388785200856CBB /* SearchModels.swift */ = {isa = PBXFileReference; lastKnownFileType = sourcecode.swift; path = SearchModels.swift; sourceTree = "<group>"; };
		885C445A2388785200856CBB /* SearchViewController.swift */ = {isa = PBXFileReference; lastKnownFileType = sourcecode.swift; path = SearchViewController.swift; sourceTree = "<group>"; };
		885C445B2388785200856CBB /* SearchInteractor.swift */ = {isa = PBXFileReference; lastKnownFileType = sourcecode.swift; path = SearchInteractor.swift; sourceTree = "<group>"; };
		885C446423889F9D00856CBB /* SearchViewController.storyboard */ = {isa = PBXFileReference; lastKnownFileType = file.storyboard; path = SearchViewController.storyboard; sourceTree = "<group>"; };
		885C44662388A45A00856CBB /* UIViewController + Storyboard.swift */ = {isa = PBXFileReference; lastKnownFileType = sourcecode.swift; path = "UIViewController + Storyboard.swift"; sourceTree = "<group>"; };
		885C446A23893E1500856CBB /* TrackCell.xib */ = {isa = PBXFileReference; lastKnownFileType = file.xib; path = TrackCell.xib; sourceTree = "<group>"; };
		885C446C23893E4700856CBB /* TrackCell.swift */ = {isa = PBXFileReference; lastKnownFileType = sourcecode.swift; path = TrackCell.swift; sourceTree = "<group>"; };
		886CE8E3238843A00095BA47 /* SearchResponse.swift */ = {isa = PBXFileReference; lastKnownFileType = sourcecode.swift; path = SearchResponse.swift; sourceTree = "<group>"; };
		886CE8E523886B140095BA47 /* NetworkService.swift */ = {isa = PBXFileReference; lastKnownFileType = sourcecode.swift; path = NetworkService.swift; sourceTree = "<group>"; };
		888F68762387CF10004D21A1 /* MainTabBarController.swift */ = {isa = PBXFileReference; lastKnownFileType = sourcecode.swift; path = MainTabBarController.swift; sourceTree = "<group>"; };
		888F68782387D288004D21A1 /* SearchMusicViewController.swift */ = {isa = PBXFileReference; lastKnownFileType = sourcecode.swift; path = SearchMusicViewController.swift; sourceTree = "<group>"; };
		888F687A2387FE6F004D21A1 /* Main.storyboard */ = {isa = PBXFileReference; lastKnownFileType = file.storyboard; path = Main.storyboard; sourceTree = "<group>"; };
		8B7896C3465D658C11535B27 /* Pods_iMusic.framework */ = {isa = PBXFileReference; explicitFileType = wrapper.framework; includeInIndex = 0; path = Pods_iMusic.framework; sourceTree = BUILT_PRODUCTS_DIR; };
		D5D38A131010F7026AC4084C /* Pods-iMusic.debug.xcconfig */ = {isa = PBXFileReference; includeInIndex = 1; lastKnownFileType = text.xcconfig; name = "Pods-iMusic.debug.xcconfig"; path = "Target Support Files/Pods-iMusic/Pods-iMusic.debug.xcconfig"; sourceTree = "<group>"; };
/* End PBXFileReference section */

/* Begin PBXFrameworksBuildPhase section */
		880938272387CD93006F91D1 /* Frameworks */ = {
			isa = PBXFrameworksBuildPhase;
			buildActionMask = 2147483647;
			files = (
				EA34536A494F7DB04CA110C6 /* Pods_iMusic.framework in Frameworks */,
			);
			runOnlyForDeploymentPostprocessing = 0;
		};
/* End PBXFrameworksBuildPhase section */

/* Begin PBXGroup section */
		880938212387CD93006F91D1 = {
			isa = PBXGroup;
			children = (
				8809382C2387CD93006F91D1 /* iMusic */,
				8809382B2387CD93006F91D1 /* Products */,
				E2A9219520410CD45E8CD6E2 /* Pods */,
				A93CD9603B4E9D63313BD251 /* Frameworks */,
			);
			sourceTree = "<group>";
		};
		8809382B2387CD93006F91D1 /* Products */ = {
			isa = PBXGroup;
			children = (
				8809382A2387CD93006F91D1 /* iMusic.app */,
			);
			name = Products;
			sourceTree = "<group>";
		};
		8809382C2387CD93006F91D1 /* iMusic */ = {
			isa = PBXGroup;
			children = (
				8809382D2387CD93006F91D1 /* AppDelegate.swift */,
				8809382F2387CD93006F91D1 /* SceneDelegate.swift */,
				885C44552388771600856CBB /* Services */,
				888F68762387CF10004D21A1 /* MainTabBarController.swift */,
				885C44462388764400856CBB /* Search */,
				888F68782387D288004D21A1 /* SearchMusicViewController.swift */,
				880938312387CD93006F91D1 /* ViewController.swift */,
				885C44682388A47700856CBB /* Help */,
				888F687A2387FE6F004D21A1 /* Main.storyboard */,
				880938362387CD96006F91D1 /* Assets.xcassets */,
				880938382387CD96006F91D1 /* LaunchScreen.storyboard */,
				8809383B2387CD96006F91D1 /* Info.plist */,
			);
			path = iMusic;
			sourceTree = "<group>";
		};
		8815731B2389BB5C00871835 /* FooterView */ = {
			isa = PBXGroup;
			children = (
				8815731C2389C84300871835 /* FooterView.swift */,
			);
			path = FooterView;
			sourceTree = "<group>";
		};
		8815731E2389D71900871835 /* TrackDetailView */ = {
			isa = PBXGroup;
			children = (
				8815731F2389D76200871835 /* TrackDetailView.xib */,
				881573212389D78100871835 /* TrackDetailView.swift */,
			);
			path = TrackDetailView;
			sourceTree = "<group>";
		};
		885C44462388764400856CBB /* Search */ = {
			isa = PBXGroup;
			children = (
				8815731E2389D71900871835 /* TrackDetailView */,
				8815731B2389BB5C00871835 /* FooterView */,
				885C446923893DE900856CBB /* Cell */,
				885C446423889F9D00856CBB /* SearchViewController.storyboard */,
				885C445A2388785200856CBB /* SearchViewController.swift */,
				885C445B2388785200856CBB /* SearchInteractor.swift */,
				885C44562388785200856CBB /* SearchPresenter.swift */,
				885C44592388785200856CBB /* SearchModels.swift */,
				885C44572388785200856CBB /* SearchWorker.swift */,
				885C44582388785200856CBB /* SearchRouter.swift */,
			);
			path = Search;
			sourceTree = "<group>";
		};
		885C44552388771600856CBB /* Services */ = {
			isa = PBXGroup;
			children = (
				885C446E2389495C00856CBB /* Models */,
				886CE8E523886B140095BA47 /* NetworkService.swift */,
			);
			path = Services;
			sourceTree = "<group>";
		};
		885C44682388A47700856CBB /* Help */ = {
			isa = PBXGroup;
			children = (
				885C44662388A45A00856CBB /* UIViewController + Storyboard.swift */,
				88157361238C3B1200871835 /* CMTime + Extension.swift */,
				88157363238D3FD200871835 /* Nib.swift */,
			);
			path = Help;
			sourceTree = "<group>";
		};
		885C446923893DE900856CBB /* Cell */ = {
			isa = PBXGroup;
			children = (
				885C446A23893E1500856CBB /* TrackCell.xib */,
				885C446C23893E4700856CBB /* TrackCell.swift */,
			);
			path = Cell;
			sourceTree = "<group>";
		};
		885C446E2389495C00856CBB /* Models */ = {
			isa = PBXGroup;
			children = (
				886CE8E3238843A00095BA47 /* SearchResponse.swift */,
			);
			path = Models;
			sourceTree = "<group>";
		};
		A93CD9603B4E9D63313BD251 /* Frameworks */ = {
			isa = PBXGroup;
			children = (
				8B7896C3465D658C11535B27 /* Pods_iMusic.framework */,
			);
			name = Frameworks;
			sourceTree = "<group>";
		};
		E2A9219520410CD45E8CD6E2 /* Pods */ = {
			isa = PBXGroup;
			children = (
				D5D38A131010F7026AC4084C /* Pods-iMusic.debug.xcconfig */,
				770E25486130F3FB03295818 /* Pods-iMusic.release.xcconfig */,
			);
			path = Pods;
			sourceTree = "<group>";
		};
/* End PBXGroup section */

/* Begin PBXNativeTarget section */
		880938292387CD93006F91D1 /* iMusic */ = {
			isa = PBXNativeTarget;
			buildConfigurationList = 8809383E2387CD96006F91D1 /* Build configuration list for PBXNativeTarget "iMusic" */;
			buildPhases = (
				F229E4BFD21943D204635B2D /* [CP] Check Pods Manifest.lock */,
				880938262387CD93006F91D1 /* Sources */,
				880938272387CD93006F91D1 /* Frameworks */,
				880938282387CD93006F91D1 /* Resources */,
				1431EBB38C01D37CD9D68E60 /* [CP] Embed Pods Frameworks */,
			);
			buildRules = (
			);
			dependencies = (
			);
			name = iMusic;
			productName = iMusic;
			productReference = 8809382A2387CD93006F91D1 /* iMusic.app */;
			productType = "com.apple.product-type.application";
		};
/* End PBXNativeTarget section */

/* Begin PBXProject section */
		880938222387CD93006F91D1 /* Project object */ = {
			isa = PBXProject;
			attributes = {
				LastSwiftUpdateCheck = 1130;
				LastUpgradeCheck = 1130;
				ORGANIZATIONNAME = "Felix Falkovsky";
				TargetAttributes = {
					880938292387CD93006F91D1 = {
						CreatedOnToolsVersion = 11.3;
					};
				};
			};
			buildConfigurationList = 880938252387CD93006F91D1 /* Build configuration list for PBXProject "iMusic" */;
			compatibilityVersion = "Xcode 9.3";
			developmentRegion = en;
			hasScannedForEncodings = 0;
			knownRegions = (
				en,
				Base,
			);
			mainGroup = 880938212387CD93006F91D1;
			productRefGroup = 8809382B2387CD93006F91D1 /* Products */;
			projectDirPath = "";
			projectRoot = "";
			targets = (
				880938292387CD93006F91D1 /* iMusic */,
			);
		};
/* End PBXProject section */

/* Begin PBXResourcesBuildPhase section */
		880938282387CD93006F91D1 /* Resources */ = {
			isa = PBXResourcesBuildPhase;
			buildActionMask = 2147483647;
			files = (
				888F687B2387FE6F004D21A1 /* Main.storyboard in Resources */,
				885C446B23893E1500856CBB /* TrackCell.xib in Resources */,
				8809383A2387CD96006F91D1 /* LaunchScreen.storyboard in Resources */,
				885C446523889F9D00856CBB /* SearchViewController.storyboard in Resources */,
				881573202389D76200871835 /* TrackDetailView.xib in Resources */,
				880938372387CD96006F91D1 /* Assets.xcassets in Resources */,
			);
			runOnlyForDeploymentPostprocessing = 0;
		};
/* End PBXResourcesBuildPhase section */

/* Begin PBXShellScriptBuildPhase section */
		1431EBB38C01D37CD9D68E60 /* [CP] Embed Pods Frameworks */ = {
			isa = PBXShellScriptBuildPhase;
			buildActionMask = 2147483647;
			files = (
			);
			inputFileListPaths = (
				"${PODS_ROOT}/Target Support Files/Pods-iMusic/Pods-iMusic-frameworks-${CONFIGURATION}-input-files.xcfilelist",
			);
			name = "[CP] Embed Pods Frameworks";
			outputFileListPaths = (
				"${PODS_ROOT}/Target Support Files/Pods-iMusic/Pods-iMusic-frameworks-${CONFIGURATION}-output-files.xcfilelist",
			);
			runOnlyForDeploymentPostprocessing = 0;
			shellPath = /bin/sh;
			shellScript = "\"${PODS_ROOT}/Target Support Files/Pods-iMusic/Pods-iMusic-frameworks.sh\"\n";
			showEnvVarsInLog = 0;
		};
		F229E4BFD21943D204635B2D /* [CP] Check Pods Manifest.lock */ = {
			isa = PBXShellScriptBuildPhase;
			buildActionMask = 2147483647;
			files = (
			);
			inputFileListPaths = (
			);
			inputPaths = (
				"${PODS_PODFILE_DIR_PATH}/Podfile.lock",
				"${PODS_ROOT}/Manifest.lock",
			);
			name = "[CP] Check Pods Manifest.lock";
			outputFileListPaths = (
			);
			outputPaths = (
				"$(DERIVED_FILE_DIR)/Pods-iMusic-checkManifestLockResult.txt",
			);
			runOnlyForDeploymentPostprocessing = 0;
			shellPath = /bin/sh;
			shellScript = "diff \"${PODS_PODFILE_DIR_PATH}/Podfile.lock\" \"${PODS_ROOT}/Manifest.lock\" > /dev/null\nif [ $? != 0 ] ; then\n    # print error to STDERR\n    echo \"error: The sandbox is not in sync with the Podfile.lock. Run 'pod install' or update your CocoaPods installation.\" >&2\n    exit 1\nfi\n# This output is used by Xcode 'outputs' to avoid re-running this script phase.\necho \"SUCCESS\" > \"${SCRIPT_OUTPUT_FILE_0}\"\n";
			showEnvVarsInLog = 0;
		};
/* End PBXShellScriptBuildPhase section */

/* Begin PBXSourcesBuildPhase section */
		880938262387CD93006F91D1 /* Sources */ = {
			isa = PBXSourcesBuildPhase;
			buildActionMask = 2147483647;
			files = (
				888F68792387D288004D21A1 /* SearchMusicViewController.swift in Sources */,
				885C44672388A45A00856CBB /* UIViewController + Storyboard.swift in Sources */,
				880938322387CD93006F91D1 /* ViewController.swift in Sources */,
				886CE8E4238843A00095BA47 /* SearchResponse.swift in Sources */,
				885C44622388785200856CBB /* SearchInteractor.swift in Sources */,
				8815731D2389C84300871835 /* FooterView.swift in Sources */,
				88157362238C3B1200871835 /* CMTime + Extension.swift in Sources */,
				885C446D23893E4700856CBB /* TrackCell.swift in Sources */,
				88157364238D3FD200871835 /* Nib.swift in Sources */,
				8809382E2387CD93006F91D1 /* AppDelegate.swift in Sources */,
				888F68772387CF10004D21A1 /* MainTabBarController.swift in Sources */,
				885C445E2388785200856CBB /* SearchWorker.swift in Sources */,
				885C44612388785200856CBB /* SearchViewController.swift in Sources */,
				885C445F2388785200856CBB /* SearchRouter.swift in Sources */,
				885C44602388785200856CBB /* SearchModels.swift in Sources */,
				880938302387CD93006F91D1 /* SceneDelegate.swift in Sources */,
				885C445D2388785200856CBB /* SearchPresenter.swift in Sources */,
				881573222389D78100871835 /* TrackDetailView.swift in Sources */,
				886CE8E623886B140095BA47 /* NetworkService.swift in Sources */,
			);
			runOnlyForDeploymentPostprocessing = 0;
		};
/* End PBXSourcesBuildPhase section */

/* Begin PBXVariantGroup section */
		880938382387CD96006F91D1 /* LaunchScreen.storyboard */ = {
			isa = PBXVariantGroup;
			children = (
				880938392387CD96006F91D1 /* Base */,
			);
			name = LaunchScreen.storyboard;
			sourceTree = "<group>";
		};
/* End PBXVariantGroup section */

/* Begin XCBuildConfiguration section */
		8809383C2387CD96006F91D1 /* Debug */ = {
			isa = XCBuildConfiguration;
			buildSettings = {
				ALWAYS_SEARCH_USER_PATHS = NO;
				CLANG_ANALYZER_NONNULL = YES;
				CLANG_ANALYZER_NUMBER_OBJECT_CONVERSION = YES_AGGRESSIVE;
				CLANG_CXX_LANGUAGE_STANDARD = "gnu++14";
				CLANG_CXX_LIBRARY = "libc++";
				CLANG_ENABLE_MODULES = YES;
				CLANG_ENABLE_OBJC_ARC = YES;
				CLANG_ENABLE_OBJC_WEAK = YES;
				CLANG_WARN_BLOCK_CAPTURE_AUTORELEASING = YES;
				CLANG_WARN_BOOL_CONVERSION = YES;
				CLANG_WARN_COMMA = YES;
				CLANG_WARN_CONSTANT_CONVERSION = YES;
				CLANG_WARN_DEPRECATED_OBJC_IMPLEMENTATIONS = YES;
				CLANG_WARN_DIRECT_OBJC_ISA_USAGE = YES_ERROR;
				CLANG_WARN_DOCUMENTATION_COMMENTS = YES;
				CLANG_WARN_EMPTY_BODY = YES;
				CLANG_WARN_ENUM_CONVERSION = YES;
				CLANG_WARN_INFINITE_RECURSION = YES;
				CLANG_WARN_INT_CONVERSION = YES;
				CLANG_WARN_NON_LITERAL_NULL_CONVERSION = YES;
				CLANG_WARN_OBJC_IMPLICIT_RETAIN_SELF = YES;
				CLANG_WARN_OBJC_LITERAL_CONVERSION = YES;
				CLANG_WARN_OBJC_ROOT_CLASS = YES_ERROR;
				CLANG_WARN_RANGE_LOOP_ANALYSIS = YES;
				CLANG_WARN_STRICT_PROTOTYPES = YES;
				CLANG_WARN_SUSPICIOUS_MOVE = YES;
				CLANG_WARN_UNGUARDED_AVAILABILITY = YES_AGGRESSIVE;
				CLANG_WARN_UNREACHABLE_CODE = YES;
				CLANG_WARN__DUPLICATE_METHOD_MATCH = YES;
				COPY_PHASE_STRIP = NO;
				DEBUG_INFORMATION_FORMAT = dwarf;
				ENABLE_STRICT_OBJC_MSGSEND = YES;
				ENABLE_TESTABILITY = YES;
				GCC_C_LANGUAGE_STANDARD = gnu11;
				GCC_DYNAMIC_NO_PIC = NO;
				GCC_NO_COMMON_BLOCKS = YES;
				GCC_OPTIMIZATION_LEVEL = 0;
				GCC_PREPROCESSOR_DEFINITIONS = (
					"DEBUG=1",
					"$(inherited)",
				);
				GCC_WARN_64_TO_32_BIT_CONVERSION = YES;
				GCC_WARN_ABOUT_RETURN_TYPE = YES_ERROR;
				GCC_WARN_UNDECLARED_SELECTOR = YES;
				GCC_WARN_UNINITIALIZED_AUTOS = YES_AGGRESSIVE;
				GCC_WARN_UNUSED_FUNCTION = YES;
				GCC_WARN_UNUSED_VARIABLE = YES;
				IPHONEOS_DEPLOYMENT_TARGET = 13.2;
				MTL_ENABLE_DEBUG_INFO = INCLUDE_SOURCE;
				MTL_FAST_MATH = YES;
				ONLY_ACTIVE_ARCH = YES;
				SDKROOT = iphoneos;
				SWIFT_ACTIVE_COMPILATION_CONDITIONS = DEBUG;
				SWIFT_OPTIMIZATION_LEVEL = "-Onone";
				SWIFT_VERSION = 5.0;
			};
			name = Debug;
		};
		8809383D2387CD96006F91D1 /* Release */ = {
			isa = XCBuildConfiguration;
			buildSettings = {
				ALWAYS_SEARCH_USER_PATHS = NO;
				CLANG_ANALYZER_NONNULL = YES;
				CLANG_ANALYZER_NUMBER_OBJECT_CONVERSION = YES_AGGRESSIVE;
				CLANG_CXX_LANGUAGE_STANDARD = "gnu++14";
				CLANG_CXX_LIBRARY = "libc++";
				CLANG_ENABLE_MODULES = YES;
				CLANG_ENABLE_OBJC_ARC = YES;
				CLANG_ENABLE_OBJC_WEAK = YES;
				CLANG_WARN_BLOCK_CAPTURE_AUTORELEASING = YES;
				CLANG_WARN_BOOL_CONVERSION = YES;
				CLANG_WARN_COMMA = YES;
				CLANG_WARN_CONSTANT_CONVERSION = YES;
				CLANG_WARN_DEPRECATED_OBJC_IMPLEMENTATIONS = YES;
				CLANG_WARN_DIRECT_OBJC_ISA_USAGE = YES_ERROR;
				CLANG_WARN_DOCUMENTATION_COMMENTS = YES;
				CLANG_WARN_EMPTY_BODY = YES;
				CLANG_WARN_ENUM_CONVERSION = YES;
				CLANG_WARN_INFINITE_RECURSION = YES;
				CLANG_WARN_INT_CONVERSION = YES;
				CLANG_WARN_NON_LITERAL_NULL_CONVERSION = YES;
				CLANG_WARN_OBJC_IMPLICIT_RETAIN_SELF = YES;
				CLANG_WARN_OBJC_LITERAL_CONVERSION = YES;
				CLANG_WARN_OBJC_ROOT_CLASS = YES_ERROR;
				CLANG_WARN_RANGE_LOOP_ANALYSIS = YES;
				CLANG_WARN_STRICT_PROTOTYPES = YES;
				CLANG_WARN_SUSPICIOUS_MOVE = YES;
				CLANG_WARN_UNGUARDED_AVAILABILITY = YES_AGGRESSIVE;
				CLANG_WARN_UNREACHABLE_CODE = YES;
				CLANG_WARN__DUPLICATE_METHOD_MATCH = YES;
				COPY_PHASE_STRIP = NO;
				DEBUG_INFORMATION_FORMAT = "dwarf-with-dsym";
				ENABLE_NS_ASSERTIONS = NO;
				ENABLE_STRICT_OBJC_MSGSEND = YES;
				GCC_C_LANGUAGE_STANDARD = gnu11;
				GCC_NO_COMMON_BLOCKS = YES;
				GCC_WARN_64_TO_32_BIT_CONVERSION = YES;
				GCC_WARN_ABOUT_RETURN_TYPE = YES_ERROR;
				GCC_WARN_UNDECLARED_SELECTOR = YES;
				GCC_WARN_UNINITIALIZED_AUTOS = YES_AGGRESSIVE;
				GCC_WARN_UNUSED_FUNCTION = YES;
				GCC_WARN_UNUSED_VARIABLE = YES;
				IPHONEOS_DEPLOYMENT_TARGET = 13.2;
				MTL_ENABLE_DEBUG_INFO = NO;
				MTL_FAST_MATH = YES;
				SDKROOT = iphoneos;
				SWIFT_COMPILATION_MODE = wholemodule;
				SWIFT_OPTIMIZATION_LEVEL = "-O";
				SWIFT_VERSION = 5.0;
				VALIDATE_PRODUCT = YES;
			};
			name = Release;
		};
		8809383F2387CD96006F91D1 /* Debug */ = {
			isa = XCBuildConfiguration;
			baseConfigurationReference = D5D38A131010F7026AC4084C /* Pods-iMusic.debug.xcconfig */;
			buildSettings = {
				ASSETCATALOG_COMPILER_APPICON_NAME = AppIcon;
				CODE_SIGN_STYLE = Automatic;
				DEVELOPMENT_TEAM = VB389A3EMH;
				INFOPLIST_FILE = iMusic/Info.plist;
				LD_RUNPATH_SEARCH_PATHS = (
					"$(inherited)",
					"@executable_path/Frameworks",
				);
				PRODUCT_BUNDLE_IDENTIFIER = FealkovskyFelixDE.iMusic;
				PRODUCT_NAME = "$(TARGET_NAME)";
				SWIFT_VERSION = 5.0;
				TARGETED_DEVICE_FAMILY = "1,2";
			};
			name = Debug;
		};
		880938402387CD96006F91D1 /* Release */ = {
			isa = XCBuildConfiguration;
			baseConfigurationReference = 770E25486130F3FB03295818 /* Pods-iMusic.release.xcconfig */;
			buildSettings = {
				ASSETCATALOG_COMPILER_APPICON_NAME = AppIcon;
				CODE_SIGN_STYLE = Automatic;
				DEVELOPMENT_TEAM = VB389A3EMH;
				INFOPLIST_FILE = iMusic/Info.plist;
				LD_RUNPATH_SEARCH_PATHS = (
					"$(inherited)",
					"@executable_path/Frameworks",
				);
				PRODUCT_BUNDLE_IDENTIFIER = FealkovskyFelixDE.iMusic;
				PRODUCT_NAME = "$(TARGET_NAME)";
				SWIFT_VERSION = 5.0;
				TARGETED_DEVICE_FAMILY = "1,2";
			};
			name = Release;
		};
/* End XCBuildConfiguration section */

/* Begin XCConfigurationList section */
		880938252387CD93006F91D1 /* Build configuration list for PBXProject "iMusic" */ = {
			isa = XCConfigurationList;
			buildConfigurations = (
				8809383C2387CD96006F91D1 /* Debug */,
				8809383D2387CD96006F91D1 /* Release */,
			);
			defaultConfigurationIsVisible = 0;
			defaultConfigurationName = Debug;
		};
		8809383E2387CD96006F91D1 /* Build configuration list for PBXNativeTarget "iMusic" */ = {
			isa = XCConfigurationList;
			buildConfigurations = (
				8809383F2387CD96006F91D1 /* Debug */,
				880938402387CD96006F91D1 /* Release */,
			);
			defaultConfigurationIsVisible = 0;
			defaultConfigurationName = Debug;
		};
/* End XCConfigurationList section */
	};
	rootObject = 880938222387CD93006F91D1 /* Project object */;
}
